{
  "originHash" : "38afa150ba13c2b42d75dcbbc2114e5702670ec8c03c72273646c1294528a84b",
  "pins" : [
    {
      "identity" : "kingfisher",
      "kind" : "remoteSourceControl",
      "location" : "https://github.com/onevcat/Kingfisher.git",
      "state" : {
        "revision" : "c152c1915f60c51e4afa0752656993ee5b3c63db",
        "version" : "8.8.1"
      }
    },
    {
      "identity" : "progresshud",
      "kind" : "remoteSourceControl",
      "location" : "https://github.com/relatedcode/ProgressHUD",
      "state" : {
        "revision" : "44e04c79ae75ed5e979df517ab13d8a1aa9b41a5",
        "version" : "15.0.1"
      }
    }
  ],
  "version" : 3
}
